{
  "nodes": {
    "nixpkgs": {
      "locked": {
        "lastModified": 1733669458,
        "narHash": "sha256-hlZJ8feTsFwah2tsyBoNP1ZLJ7eSYir2BzxybyRRqYw=",
        "owner": "nixos",
        "repo": "nixpkgs",
        "rev": "08fdedb4ae636cdf89047abe47d9fe6d97b3f330",
        "type": "github"
      },
      "original": {
        "owner": "nixos",
        "repo": "nixpkgs",
        "type": "github"
      }
    },
    "root": {
      "inputs": {
        "nixpkgs": "nixpkgs"
      }
    }
  },
  "root": "root",
  "version": 7
}
