version = 1
requires-python = ">=3.12"

[[package]]
name = "dump-heap"
version = "0.1.0"
source = { virtual = "." }
dependencies = [
    { name = "pyelftools" },
]

[package.metadata]
requires-dist = [{ name = "pyelftools", specifier = ">=0.31" }]

[[package]]
name = "pyelftools"
version = "0.31"
source = { registry = "https://pypi.org/simple" }
sdist = { url = "https://files.pythonhosted.org/packages/88/56/0f2d69ed9a0060da009f672ddec8a71c041d098a66f6b1d80264bf6bbdc0/pyelftools-0.31.tar.gz", hash = "sha256:c774416b10310156879443b81187d182d8d9ee499660380e645918b50bc88f99", size = 14108889 }
wheels = [
    { url = "https://files.pythonhosted.org/packages/f8/64/711030d9fe9ccaf6ee3ab1bcf4801c6bb3d0e585af18824a50b016b4f39c/pyelftools-0.31-py3-none-any.whl", hash = "sha256:f52de7b3c7e8c64c8abc04a79a1cf37ac5fb0b8a49809827130b858944840607", size = 180473 },
]
